
Microsoft Visual Studio Solution File, Format Version 12.00
# Visual Studio Version 17
VisualStudioVersion = 17.5.33516.290
MinimumVisualStudioVersion = 10.0.40219.1
Project("{FAE04EC0-301F-11D3-BF4B-00C04F79EFBC}") = "Reverse String", "Reverse String.csproj", "{D594E58E-B5FA-4DE8-8A91-48A6DA502769}"
EndProject
Global
	GlobalSection(SolutionConfigurationPlatforms) = preSolution
		Debug|Any CPU = Debug|Any CPU
		Release|Any CPU = Release|Any CPU
	EndGlobalSection
	GlobalSection(ProjectConfigurationPlatforms) = postSolution
		{D594E58E-B5FA-4DE8-8A91-48A6DA502769}.Debug|Any CPU.ActiveCfg = Debug|Any CPU
		{D594E58E-B5FA-4DE8-8A91-48A6DA502769}.Debug|Any CPU.Build.0 = Debug|Any CPU
		{D594E58E-B5FA-4DE8-8A91-48A6DA502769}.Release|Any CPU.ActiveCfg = Release|Any CPU
		{D594E58E-B5FA-4DE8-8A91-48A6DA502769}.Release|Any CPU.Build.0 = Release|Any CPU
	EndGlobalSection
	GlobalSection(SolutionProperties) = preSolution
		HideSolutionNode = FALSE
	EndGlobalSection
	GlobalSection(ExtensibilityGlobals) = postSolution
		SolutionGuid = {E9ED9AF0-11C3-460E-B916-AE6DF1C9FDE8}
	EndGlobalSection
EndGlobal
