
Microsoft Visual Studio Solution File, Format Version 12.00
# Visual Studio Version 17
VisualStudioVersion = 17.8.34322.80
MinimumVisualStudioVersion = 10.0.40219.1
Project("{9A19103F-16F7-4668-BE54-9A1E7A4F7556}") = "Generics", "Generics.csproj", "{C22748AC-37C6-495F-B20A-FACB78BD2C24}"
EndProject
Project("{9A19103F-16F7-4668-BE54-9A1E7A4F7556}") = "List", "..\List\List.csproj", "{7DA25999-1C1F-4503-AEE1-4DC68A51A53E}"
EndProject
Global
	GlobalSection(SolutionConfigurationPlatforms) = preSolution
		Debug|Any CPU = Debug|Any CPU
		Release|Any CPU = Release|Any CPU
	EndGlobalSection
	GlobalSection(ProjectConfigurationPlatforms) = postSolution
		{C22748AC-37C6-495F-B20A-FACB78BD2C24}.Debug|Any CPU.ActiveCfg = Debug|Any CPU
		{C22748AC-37C6-495F-B20A-FACB78BD2C24}.Debug|Any CPU.Build.0 = Debug|Any CPU
		{C22748AC-37C6-495F-B20A-FACB78BD2C24}.Release|Any CPU.ActiveCfg = Release|Any CPU
		{C22748AC-37C6-495F-B20A-FACB78BD2C24}.Release|Any CPU.Build.0 = Release|Any CPU
		{7DA25999-1C1F-4503-AEE1-4DC68A51A53E}.Debug|Any CPU.ActiveCfg = Debug|Any CPU
		{7DA25999-1C1F-4503-AEE1-4DC68A51A53E}.Debug|Any CPU.Build.0 = Debug|Any CPU
		{7DA25999-1C1F-4503-AEE1-4DC68A51A53E}.Release|Any CPU.ActiveCfg = Release|Any CPU
		{7DA25999-1C1F-4503-AEE1-4DC68A51A53E}.Release|Any CPU.Build.0 = Release|Any CPU
	EndGlobalSection
	GlobalSection(SolutionProperties) = preSolution
		HideSolutionNode = FALSE
	EndGlobalSection
	GlobalSection(ExtensibilityGlobals) = postSolution
		SolutionGuid = {52FDA271-59A5-43C1-8430-3F371432BAA3}
	EndGlobalSection
EndGlobal
